
Microsoft Visual Studio Solution File, Format Version 12.00
# Visual Studio Version 17
VisualStudioVersion = 17.9.34728.123
MinimumVisualStudioVersion = 10.0.40219.1
Project("{FAE04EC0-301F-11D3-BF4B-00C04F79EFBC}") = "northwind-mvc", "northwind-mvc\northwind-mvc.csproj", "{746710AE-0D46-4885-9E01-4493F4DC5C63}"
EndProject
Global
	GlobalSection(SolutionConfigurationPlatforms) = preSolution
		Debug|Any CPU = Debug|Any CPU
		Release|Any CPU = Release|Any CPU
	EndGlobalSection
	GlobalSection(ProjectConfigurationPlatforms) = postSolution
		{746710AE-0D46-4885-9E01-4493F4DC5C63}.Debug|Any CPU.ActiveCfg = Debug|Any CPU
		{746710AE-0D46-4885-9E01-4493F4DC5C63}.Debug|Any CPU.Build.0 = Debug|Any CPU
		{746710AE-0D46-4885-9E01-4493F4DC5C63}.Release|Any CPU.ActiveCfg = Release|Any CPU
		{746710AE-0D46-4885-9E01-4493F4DC5C63}.Release|Any CPU.Build.0 = Release|Any CPU
	EndGlobalSection
	GlobalSection(SolutionProperties) = preSolution
		HideSolutionNode = FALSE
	EndGlobalSection
	GlobalSection(ExtensibilityGlobals) = postSolution
		SolutionGuid = {034368C5-BB27-419F-BD49-8AFD729A7CA0}
	EndGlobalSection
EndGlobal
